
Microsoft Visual Studio Solution File, Format Version 12.00
Project("{FAE04EC0-301F-11D3-BF4B-00C04F79EFBC}") = "GeneralDomain", "general\GeneralDomain\GeneralDomain.csproj", "{8E363007-05DA-41CC-B104-58E2E12FC73A}"
EndProject
Project("{2150E333-8FDC-42A3-9474-1A3956D46DE8}") = "source", "source", "{82ADB9D1-2116-4794-8438-D953CD3E73C5}"
EndProject
Project("{2150E333-8FDC-42A3-9474-1A3956D46DE8}") = "general", "general", "{3D800737-C035-4C20-80B5-F5D474C2ABBC}"
EndProject
Project("{FAE04EC0-301F-11D3-BF4B-00C04F79EFBC}") = "GeneralApplication", "general\GeneralApplication\GeneralApplication.csproj", "{14902E67-0416-4773-ABD1-2CC09C7731BD}"
EndProject
Project("{FAE04EC0-301F-11D3-BF4B-00C04F79EFBC}") = "GeneralInfrastructure", "general\GeneralInfrastructure\GeneralInfrastructure.csproj", "{C2FF70F5-95CB-47E6-95C6-F5B8D1FDB2A2}"
EndProject
Project("{2150E333-8FDC-42A3-9474-1A3956D46DE8}") = "IdeaService", "IdeaService", "{1C05F4B0-7A3F-46B8-90E6-141286D7CC88}"
EndProject
Project("{2150E333-8FDC-42A3-9474-1A3956D46DE8}") = "UserService", "UserService", "{7972B1BC-1217-40DB-A0BF-A42CDCDDBBB0}"
EndProject
Project("{FAE04EC0-301F-11D3-BF4B-00C04F79EFBC}") = "UserDomain", "source\UserService\UserDomain\UserDomain.csproj", "{EF46E7F4-2B8D-443E-9E91-34D59D4DA513}"
EndProject
Project("{FAE04EC0-301F-11D3-BF4B-00C04F79EFBC}") = "UserApplication", "source\UserService\UserApplication\UserApplication.csproj", "{121ED0B8-2C40-4F2F-8E24-86DD113F4379}"
EndProject
Project("{FAE04EC0-301F-11D3-BF4B-00C04F79EFBC}") = "UserInfrastructure", "source\UserService\UserInfrastructure\UserInfrastructure.csproj", "{91C7E763-7449-4BD6-89E4-032F16C97748}"
EndProject
Project("{FAE04EC0-301F-11D3-BF4B-00C04F79EFBC}") = "UserWebService", "source\UserService\UserWebService\UserWebService.csproj", "{900FB456-C9DE-423D-90F8-245AB970BD4C}"
EndProject
Project("{2150E333-8FDC-42A3-9474-1A3956D46DE8}") = "test", "test", "{7566671F-8237-4E1D-84EF-891DD9D0CEE0}"
EndProject
Project("{FAE04EC0-301F-11D3-BF4B-00C04F79EFBC}") = "UserServiceTest", "test\UserServiceTest\UserServiceTest.csproj", "{CF632C43-FFA0-4B4D-BE41-FC95F6026AD0}"
EndProject
Project("{FAE04EC0-301F-11D3-BF4B-00C04F79EFBC}") = "IdeaDomain", "source\IdeaService\IdeaDomain\IdeaDomain.csproj", "{F1336F00-C0E2-45C5-A124-8E8C22FC014B}"
EndProject
Project("{FAE04EC0-301F-11D3-BF4B-00C04F79EFBC}") = "IdeaApplication", "source\IdeaService\IdeaApplication\IdeaApplication.csproj", "{EF486025-4602-4903-ADEF-CCEC8A595BEE}"
EndProject
Project("{FAE04EC0-301F-11D3-BF4B-00C04F79EFBC}") = "IdeaInfrastructure", "source\IdeaService\IdeaInfrastructure\IdeaInfrastructure.csproj", "{9E0AFE0E-8BFC-4E36-9186-E887C8FA5FA1}"
EndProject
Project("{FAE04EC0-301F-11D3-BF4B-00C04F79EFBC}") = "IdeaWebService", "source\IdeaService\IdeaWebService\IdeaWebService.csproj", "{21BC0C72-231E-40FD-9087-AA991B78EA67}"
EndProject
Project("{2150E333-8FDC-42A3-9474-1A3956D46DE8}") = "TestQueryService", "TestQueryService", "{26FA7028-E5F7-4A60-B1E9-C49495A355A5}"
EndProject
Project("{FAE04EC0-301F-11D3-BF4B-00C04F79EFBC}") = "TestDomain", "source\TestQueryService\TestDomain\TestDomain.csproj", "{7483764B-E7D9-4764-81A4-616D3FA301D1}"
EndProject
Project("{FAE04EC0-301F-11D3-BF4B-00C04F79EFBC}") = "TestApplication", "source\TestQueryService\TestApplication\TestApplication.csproj", "{9F2D25D7-6E2F-4380-AB7F-15FB7375857F}"
EndProject
Project("{FAE04EC0-301F-11D3-BF4B-00C04F79EFBC}") = "TestWebService", "source\TestQueryService\TestWebService\TestWebService.csproj", "{9FDBF0FF-A6C2-41A4-85F0-0C3E1A55510B}"
EndProject
Project("{FAE04EC0-301F-11D3-BF4B-00C04F79EFBC}") = "TestInfrastructure", "source\TestQueryService\TestInfrastructure\TestInfrastructure.csproj", "{0E51A470-C011-4BF5-8542-2CFB70DF9841}"
EndProject
Global
	GlobalSection(SolutionConfigurationPlatforms) = preSolution
		Debug|Any CPU = Debug|Any CPU
		Release|Any CPU = Release|Any CPU
	EndGlobalSection
	GlobalSection(ProjectConfigurationPlatforms) = postSolution
		{8E363007-05DA-41CC-B104-58E2E12FC73A}.Debug|Any CPU.ActiveCfg = Debug|Any CPU
		{8E363007-05DA-41CC-B104-58E2E12FC73A}.Debug|Any CPU.Build.0 = Debug|Any CPU
		{8E363007-05DA-41CC-B104-58E2E12FC73A}.Release|Any CPU.ActiveCfg = Release|Any CPU
		{8E363007-05DA-41CC-B104-58E2E12FC73A}.Release|Any CPU.Build.0 = Release|Any CPU
		{14902E67-0416-4773-ABD1-2CC09C7731BD}.Debug|Any CPU.ActiveCfg = Debug|Any CPU
		{14902E67-0416-4773-ABD1-2CC09C7731BD}.Debug|Any CPU.Build.0 = Debug|Any CPU
		{14902E67-0416-4773-ABD1-2CC09C7731BD}.Release|Any CPU.ActiveCfg = Release|Any CPU
		{14902E67-0416-4773-ABD1-2CC09C7731BD}.Release|Any CPU.Build.0 = Release|Any CPU
		{C2FF70F5-95CB-47E6-95C6-F5B8D1FDB2A2}.Debug|Any CPU.ActiveCfg = Debug|Any CPU
		{C2FF70F5-95CB-47E6-95C6-F5B8D1FDB2A2}.Debug|Any CPU.Build.0 = Debug|Any CPU
		{C2FF70F5-95CB-47E6-95C6-F5B8D1FDB2A2}.Release|Any CPU.ActiveCfg = Release|Any CPU
		{C2FF70F5-95CB-47E6-95C6-F5B8D1FDB2A2}.Release|Any CPU.Build.0 = Release|Any CPU
		{EF46E7F4-2B8D-443E-9E91-34D59D4DA513}.Debug|Any CPU.ActiveCfg = Debug|Any CPU
		{EF46E7F4-2B8D-443E-9E91-34D59D4DA513}.Debug|Any CPU.Build.0 = Debug|Any CPU
		{EF46E7F4-2B8D-443E-9E91-34D59D4DA513}.Release|Any CPU.ActiveCfg = Release|Any CPU
		{EF46E7F4-2B8D-443E-9E91-34D59D4DA513}.Release|Any CPU.Build.0 = Release|Any CPU
		{121ED0B8-2C40-4F2F-8E24-86DD113F4379}.Debug|Any CPU.ActiveCfg = Debug|Any CPU
		{121ED0B8-2C40-4F2F-8E24-86DD113F4379}.Debug|Any CPU.Build.0 = Debug|Any CPU
		{121ED0B8-2C40-4F2F-8E24-86DD113F4379}.Release|Any CPU.ActiveCfg = Release|Any CPU
		{121ED0B8-2C40-4F2F-8E24-86DD113F4379}.Release|Any CPU.Build.0 = Release|Any CPU
		{91C7E763-7449-4BD6-89E4-032F16C97748}.Debug|Any CPU.ActiveCfg = Debug|Any CPU
		{91C7E763-7449-4BD6-89E4-032F16C97748}.Debug|Any CPU.Build.0 = Debug|Any CPU
		{91C7E763-7449-4BD6-89E4-032F16C97748}.Release|Any CPU.ActiveCfg = Release|Any CPU
		{91C7E763-7449-4BD6-89E4-032F16C97748}.Release|Any CPU.Build.0 = Release|Any CPU
		{900FB456-C9DE-423D-90F8-245AB970BD4C}.Debug|Any CPU.ActiveCfg = Debug|Any CPU
		{900FB456-C9DE-423D-90F8-245AB970BD4C}.Debug|Any CPU.Build.0 = Debug|Any CPU
		{900FB456-C9DE-423D-90F8-245AB970BD4C}.Release|Any CPU.ActiveCfg = Release|Any CPU
		{900FB456-C9DE-423D-90F8-245AB970BD4C}.Release|Any CPU.Build.0 = Release|Any CPU
		{CF632C43-FFA0-4B4D-BE41-FC95F6026AD0}.Debug|Any CPU.ActiveCfg = Debug|Any CPU
		{CF632C43-FFA0-4B4D-BE41-FC95F6026AD0}.Debug|Any CPU.Build.0 = Debug|Any CPU
		{CF632C43-FFA0-4B4D-BE41-FC95F6026AD0}.Release|Any CPU.ActiveCfg = Release|Any CPU
		{CF632C43-FFA0-4B4D-BE41-FC95F6026AD0}.Release|Any CPU.Build.0 = Release|Any CPU
		{F1336F00-C0E2-45C5-A124-8E8C22FC014B}.Debug|Any CPU.ActiveCfg = Debug|Any CPU
		{F1336F00-C0E2-45C5-A124-8E8C22FC014B}.Debug|Any CPU.Build.0 = Debug|Any CPU
		{F1336F00-C0E2-45C5-A124-8E8C22FC014B}.Release|Any CPU.ActiveCfg = Release|Any CPU
		{F1336F00-C0E2-45C5-A124-8E8C22FC014B}.Release|Any CPU.Build.0 = Release|Any CPU
		{EF486025-4602-4903-ADEF-CCEC8A595BEE}.Debug|Any CPU.ActiveCfg = Debug|Any CPU
		{EF486025-4602-4903-ADEF-CCEC8A595BEE}.Debug|Any CPU.Build.0 = Debug|Any CPU
		{EF486025-4602-4903-ADEF-CCEC8A595BEE}.Release|Any CPU.ActiveCfg = Release|Any CPU
		{EF486025-4602-4903-ADEF-CCEC8A595BEE}.Release|Any CPU.Build.0 = Release|Any CPU
		{9E0AFE0E-8BFC-4E36-9186-E887C8FA5FA1}.Debug|Any CPU.ActiveCfg = Debug|Any CPU
		{9E0AFE0E-8BFC-4E36-9186-E887C8FA5FA1}.Debug|Any CPU.Build.0 = Debug|Any CPU
		{9E0AFE0E-8BFC-4E36-9186-E887C8FA5FA1}.Release|Any CPU.ActiveCfg = Release|Any CPU
		{9E0AFE0E-8BFC-4E36-9186-E887C8FA5FA1}.Release|Any CPU.Build.0 = Release|Any CPU
		{21BC0C72-231E-40FD-9087-AA991B78EA67}.Debug|Any CPU.ActiveCfg = Debug|Any CPU
		{21BC0C72-231E-40FD-9087-AA991B78EA67}.Debug|Any CPU.Build.0 = Debug|Any CPU
		{21BC0C72-231E-40FD-9087-AA991B78EA67}.Release|Any CPU.ActiveCfg = Release|Any CPU
		{21BC0C72-231E-40FD-9087-AA991B78EA67}.Release|Any CPU.Build.0 = Release|Any CPU
		{7483764B-E7D9-4764-81A4-616D3FA301D1}.Debug|Any CPU.ActiveCfg = Debug|Any CPU
		{7483764B-E7D9-4764-81A4-616D3FA301D1}.Debug|Any CPU.Build.0 = Debug|Any CPU
		{7483764B-E7D9-4764-81A4-616D3FA301D1}.Release|Any CPU.ActiveCfg = Release|Any CPU
		{7483764B-E7D9-4764-81A4-616D3FA301D1}.Release|Any CPU.Build.0 = Release|Any CPU
		{9F2D25D7-6E2F-4380-AB7F-15FB7375857F}.Debug|Any CPU.ActiveCfg = Debug|Any CPU
		{9F2D25D7-6E2F-4380-AB7F-15FB7375857F}.Debug|Any CPU.Build.0 = Debug|Any CPU
		{9F2D25D7-6E2F-4380-AB7F-15FB7375857F}.Release|Any CPU.ActiveCfg = Release|Any CPU
		{9F2D25D7-6E2F-4380-AB7F-15FB7375857F}.Release|Any CPU.Build.0 = Release|Any CPU
		{9FDBF0FF-A6C2-41A4-85F0-0C3E1A55510B}.Debug|Any CPU.ActiveCfg = Debug|Any CPU
		{9FDBF0FF-A6C2-41A4-85F0-0C3E1A55510B}.Debug|Any CPU.Build.0 = Debug|Any CPU
		{9FDBF0FF-A6C2-41A4-85F0-0C3E1A55510B}.Release|Any CPU.ActiveCfg = Release|Any CPU
		{9FDBF0FF-A6C2-41A4-85F0-0C3E1A55510B}.Release|Any CPU.Build.0 = Release|Any CPU
		{0E51A470-C011-4BF5-8542-2CFB70DF9841}.Debug|Any CPU.ActiveCfg = Debug|Any CPU
		{0E51A470-C011-4BF5-8542-2CFB70DF9841}.Debug|Any CPU.Build.0 = Debug|Any CPU
		{0E51A470-C011-4BF5-8542-2CFB70DF9841}.Release|Any CPU.ActiveCfg = Release|Any CPU
		{0E51A470-C011-4BF5-8542-2CFB70DF9841}.Release|Any CPU.Build.0 = Release|Any CPU
	EndGlobalSection
	GlobalSection(NestedProjects) = preSolution
		{8E363007-05DA-41CC-B104-58E2E12FC73A} = {3D800737-C035-4C20-80B5-F5D474C2ABBC}
		{14902E67-0416-4773-ABD1-2CC09C7731BD} = {3D800737-C035-4C20-80B5-F5D474C2ABBC}
		{C2FF70F5-95CB-47E6-95C6-F5B8D1FDB2A2} = {3D800737-C035-4C20-80B5-F5D474C2ABBC}
		{1C05F4B0-7A3F-46B8-90E6-141286D7CC88} = {82ADB9D1-2116-4794-8438-D953CD3E73C5}
		{7972B1BC-1217-40DB-A0BF-A42CDCDDBBB0} = {82ADB9D1-2116-4794-8438-D953CD3E73C5}
		{EF46E7F4-2B8D-443E-9E91-34D59D4DA513} = {7972B1BC-1217-40DB-A0BF-A42CDCDDBBB0}
		{121ED0B8-2C40-4F2F-8E24-86DD113F4379} = {7972B1BC-1217-40DB-A0BF-A42CDCDDBBB0}
		{91C7E763-7449-4BD6-89E4-032F16C97748} = {7972B1BC-1217-40DB-A0BF-A42CDCDDBBB0}
		{900FB456-C9DE-423D-90F8-245AB970BD4C} = {7972B1BC-1217-40DB-A0BF-A42CDCDDBBB0}
		{CF632C43-FFA0-4B4D-BE41-FC95F6026AD0} = {7566671F-8237-4E1D-84EF-891DD9D0CEE0}
		{F1336F00-C0E2-45C5-A124-8E8C22FC014B} = {1C05F4B0-7A3F-46B8-90E6-141286D7CC88}
		{EF486025-4602-4903-ADEF-CCEC8A595BEE} = {1C05F4B0-7A3F-46B8-90E6-141286D7CC88}
		{9E0AFE0E-8BFC-4E36-9186-E887C8FA5FA1} = {1C05F4B0-7A3F-46B8-90E6-141286D7CC88}
		{21BC0C72-231E-40FD-9087-AA991B78EA67} = {1C05F4B0-7A3F-46B8-90E6-141286D7CC88}
		{26FA7028-E5F7-4A60-B1E9-C49495A355A5} = {82ADB9D1-2116-4794-8438-D953CD3E73C5}
		{7483764B-E7D9-4764-81A4-616D3FA301D1} = {26FA7028-E5F7-4A60-B1E9-C49495A355A5}
		{9F2D25D7-6E2F-4380-AB7F-15FB7375857F} = {26FA7028-E5F7-4A60-B1E9-C49495A355A5}
		{9FDBF0FF-A6C2-41A4-85F0-0C3E1A55510B} = {26FA7028-E5F7-4A60-B1E9-C49495A355A5}
		{0E51A470-C011-4BF5-8542-2CFB70DF9841} = {26FA7028-E5F7-4A60-B1E9-C49495A355A5}
	EndGlobalSection
EndGlobal
